
Microsoft Visual Studio Solution File, Format Version 12.00
# Visual Studio Version 17
VisualStudioVersion = 17.12.35514.174
MinimumVisualStudioVersion = 10.0.40219.1
Project("{FAE04EC0-301F-11D3-BF4B-00C04F79EFBC}") = "MyClassLibrary", "MyClassLibrary\MyClassLibrary.csproj", "{2BCEA1A5-6E1A-458D-837C-3801F34F8157}"
EndProject
Project("{2150E333-8FDC-42A3-9474-1A3956D46DE8}") = "Solution Items", "Solution Items", "{2C3131D2-66F2-4344-84C0-1360E1263139}"
	ProjectSection(SolutionItems) = preProject
		MySolution.v3.ncrunchsolution = MySolution.v3.ncrunchsolution
	EndProjectSection
EndProject
Project("{FAE04EC0-301F-11D3-BF4B-00C04F79EFBC}") = "MyTestProject", "MyTestProject\MyTestProject.csproj", "{4DA813CE-423D-4B00-9AD2-B9E8A60BE4B9}"
EndProject
Project("{FAE04EC0-301F-11D3-BF4B-00C04F79EFBC}") = "MyClassLibraryTests", "MyClassLibraryTests\MyClassLibraryTests.csproj", "{DC4DCD91-021D-406B-8956-0117F807AAE9}"
EndProject
Global
	GlobalSection(SolutionConfigurationPlatforms) = preSolution
		Debug|Any CPU = Debug|Any CPU
		Release|Any CPU = Release|Any CPU
	EndGlobalSection
	GlobalSection(ProjectConfigurationPlatforms) = postSolution
		{2BCEA1A5-6E1A-458D-837C-3801F34F8157}.Debug|Any CPU.ActiveCfg = Debug|Any CPU
		{2BCEA1A5-6E1A-458D-837C-3801F34F8157}.Debug|Any CPU.Build.0 = Debug|Any CPU
		{2BCEA1A5-6E1A-458D-837C-3801F34F8157}.Release|Any CPU.ActiveCfg = Release|Any CPU
		{2BCEA1A5-6E1A-458D-837C-3801F34F8157}.Release|Any CPU.Build.0 = Release|Any CPU
		{4DA813CE-423D-4B00-9AD2-B9E8A60BE4B9}.Debug|Any CPU.ActiveCfg = Debug|Any CPU
		{4DA813CE-423D-4B00-9AD2-B9E8A60BE4B9}.Debug|Any CPU.Build.0 = Debug|Any CPU
		{4DA813CE-423D-4B00-9AD2-B9E8A60BE4B9}.Release|Any CPU.ActiveCfg = Release|Any CPU
		{4DA813CE-423D-4B00-9AD2-B9E8A60BE4B9}.Release|Any CPU.Build.0 = Release|Any CPU
		{DC4DCD91-021D-406B-8956-0117F807AAE9}.Debug|Any CPU.ActiveCfg = Debug|Any CPU
		{DC4DCD91-021D-406B-8956-0117F807AAE9}.Debug|Any CPU.Build.0 = Debug|Any CPU
		{DC4DCD91-021D-406B-8956-0117F807AAE9}.Release|Any CPU.ActiveCfg = Release|Any CPU
		{DC4DCD91-021D-406B-8956-0117F807AAE9}.Release|Any CPU.Build.0 = Release|Any CPU
	EndGlobalSection
	GlobalSection(SolutionProperties) = preSolution
		HideSolutionNode = FALSE
	EndGlobalSection
EndGlobal
